
Microsoft Visual Studio Solution File, Format Version 12.00
# Visual Studio Version 17
VisualStudioVersion = 17.4.33110.190
MinimumVisualStudioVersion = 10.0.40219.1
Project("{FAE04EC0-301F-11D3-BF4B-00C04F79EFBC}") = "Pwynt.Api", "Pwynt.Api\Pwynt.Api.csproj", "{C0DEE06F-24D9-4C4A-9411-C62BC4FAC5DE}"
EndProject
Project("{FAE04EC0-301F-11D3-BF4B-00C04F79EFBC}") = "Pwynt.Data", "Pwynt.Data\Pwynt.Data.csproj", "{0C2EDADD-F4BA-40E5-9106-E55DB4CD49FF}"
EndProject
Project("{FAE04EC0-301F-11D3-BF4B-00C04F79EFBC}") = "Pwynt.Core", "Pwynt.Core\Pwynt.Core.csproj", "{74536FE6-664A-4981-8B84-65F44DEBCB4E}"
EndProject
Global
	GlobalSection(SolutionConfigurationPlatforms) = preSolution
		Debug|Any CPU = Debug|Any CPU
		Release|Any CPU = Release|Any CPU
	EndGlobalSection
	GlobalSection(ProjectConfigurationPlatforms) = postSolution
		{C0DEE06F-24D9-4C4A-9411-C62BC4FAC5DE}.Debug|Any CPU.ActiveCfg = Debug|Any CPU
		{C0DEE06F-24D9-4C4A-9411-C62BC4FAC5DE}.Debug|Any CPU.Build.0 = Debug|Any CPU
		{C0DEE06F-24D9-4C4A-9411-C62BC4FAC5DE}.Release|Any CPU.ActiveCfg = Release|Any CPU
		{C0DEE06F-24D9-4C4A-9411-C62BC4FAC5DE}.Release|Any CPU.Build.0 = Release|Any CPU
		{0C2EDADD-F4BA-40E5-9106-E55DB4CD49FF}.Debug|Any CPU.ActiveCfg = Debug|Any CPU
		{0C2EDADD-F4BA-40E5-9106-E55DB4CD49FF}.Debug|Any CPU.Build.0 = Debug|Any CPU
		{0C2EDADD-F4BA-40E5-9106-E55DB4CD49FF}.Release|Any CPU.ActiveCfg = Release|Any CPU
		{0C2EDADD-F4BA-40E5-9106-E55DB4CD49FF}.Release|Any CPU.Build.0 = Release|Any CPU
		{74536FE6-664A-4981-8B84-65F44DEBCB4E}.Debug|Any CPU.ActiveCfg = Debug|Any CPU
		{74536FE6-664A-4981-8B84-65F44DEBCB4E}.Debug|Any CPU.Build.0 = Debug|Any CPU
		{74536FE6-664A-4981-8B84-65F44DEBCB4E}.Release|Any CPU.ActiveCfg = Release|Any CPU
		{74536FE6-664A-4981-8B84-65F44DEBCB4E}.Release|Any CPU.Build.0 = Release|Any CPU
	EndGlobalSection
	GlobalSection(SolutionProperties) = preSolution
		HideSolutionNode = FALSE
	EndGlobalSection
	GlobalSection(ExtensibilityGlobals) = postSolution
		SolutionGuid = {DEF3AAD5-7D28-40F4-B184-B0076EDED522}
	EndGlobalSection
EndGlobal
